# This file was autogenerated by Stack.
# You should not edit this file by hand.
# For more information, please see the documentation at:
#   https://docs.haskellstack.org/en/stable/topics/lock_files

packages:
- completed:
    hackage: hoogle-5.0.18.4@sha256:1372458e97dff541fcda099236af7936bf93ee6b8c5d15695ee6d9426dff5eed,3171
    pantry-tree:
      sha256: 8496cbbafc075768e90e35c6990f5c0a8e9cbfa515bbc986d163b08c2200aef3
      size: 3414
  original:
    hackage: hoogle-5.0.18.4@sha256:1372458e97dff541fcda099236af7936bf93ee6b8c5d15695ee6d9426dff5eed,3171
- completed:
    commit: 5df643cc1deb561d9c52a9cb6f593aba2bc4c08e
    git: https://github.com/commercialhaskell/pantry.git
    name: pantry
    pantry-tree:
      sha256: 12ecb7840d240ffedf3dcc04353d00a4676ffa73b37d537350c087af1ff38982
      size: 3618
    version: 0.5.7
  original:
    commit: 5df643cc1deb561d9c52a9cb6f593aba2bc4c08e
    git: https://github.com/commercialhaskell/pantry.git
- completed:
    name: amazonka-core
    pantry-tree:
      sha256: 37df1b595ccff0c36abdf11635320dc7feb481872197cd2984c7b9176c3bd9d4
      size: 3222
    sha256: 1ee25eb283c2d95fe89c5f559abe0049f6cd0a3b36d768947b85d64ca74d87e0
    size: 34859547
    subdir: lib/amazonka-core
    url: https://github.com/brendanhay/amazonka/archive/a7d699be1076e2aad05a1930ca3937ffea954ad8.tar.gz
    version: '2.0'
  original:
    subdir: lib/amazonka-core
    url: https://github.com/brendanhay/amazonka/archive/a7d699be1076e2aad05a1930ca3937ffea954ad8.tar.gz
snapshots:
- completed:
    sha256: d90eb1418667a225998b173817300e5ae2e1500ed03c0a9457cc2a0e78a0122a
    size: 726337
    url: https://raw.githubusercontent.com/commercialhaskell/stackage-snapshots/master/lts/24/26.yaml
  original: lts-24.26
