# This file was autogenerated by Stack.
# You should not edit this file by hand.
# For more information, please see the documentation at:
#   https://docs.haskellstack.org/en/stable/lock_files

packages:
- completed:
    hackage: hoogle-5.0.18.4@sha256:1372458e97dff541fcda099236af7936bf93ee6b8c5d15695ee6d9426dff5eed,3171
    pantry-tree:
      sha256: 8496cbbafc075768e90e35c6990f5c0a8e9cbfa515bbc986d163b08c2200aef3
      size: 3414
  original:
    hackage: hoogle-5.0.18.4@sha256:1372458e97dff541fcda099236af7936bf93ee6b8c5d15695ee6d9426dff5eed,3171
- completed:
    commit: 5df643cc1deb561d9c52a9cb6f593aba2bc4c08e
    git: https://github.com/commercialhaskell/pantry.git
    name: pantry
    pantry-tree:
      sha256: 12ecb7840d240ffedf3dcc04353d00a4676ffa73b37d537350c087af1ff38982
      size: 3618
    version: 0.5.7
  original:
    commit: 5df643cc1deb561d9c52a9cb6f593aba2bc4c08e
    git: https://github.com/commercialhaskell/pantry.git
- completed:
    name: amazonka-core
    pantry-tree:
      sha256: 236fcc48e8d6cdedc31800c40c853aa6cb8c640ae3d93686a584d513679a5181
      size: 3222
    sha256: 39038d8934ad8ba164e3d21aa227a80a12fbdd4cf371a6311ea8cc95a6265385
    size: 34733906
    subdir: lib/amazonka-core
    url: https://github.com/chreekat/amazonka/archive/85e0289f8dc23c54b00f7f1a09845be7e032a1eb.tar.gz
    version: '2.0'
  original:
    subdir: lib/amazonka-core
    url: https://github.com/chreekat/amazonka/archive/85e0289f8dc23c54b00f7f1a09845be7e032a1eb.tar.gz
snapshots:
- completed:
    sha256: 8b211c5a6aad3787e023dfddaf7de7868968e4f240ecedf14ad1c5b2199046ca
    size: 714097
    url: https://raw.githubusercontent.com/commercialhaskell/stackage-snapshots/master/lts/22/4.yaml
  original: lts-22.4
